
Microsoft Visual Studio Solution File, Format Version 12.00
# Visual Studio Version 16
VisualStudioVersion = 16.0.30309.148
MinimumVisualStudioVersion = 10.0.40219.1
Project("{888888A0-9F3D-457C-B088-3A5042F75D52}") = "AnnuityLottery", "AnnuityLottery.pyproj", "{4DA3CA57-3F17-4164-855E-E6E875382893}"
EndProject
Global
	GlobalSection(SolutionConfigurationPlatforms) = preSolution
		Debug|Any CPU = Debug|Any CPU
		Release|Any CPU = Release|Any CPU
	EndGlobalSection
	GlobalSection(ProjectConfigurationPlatforms) = postSolution
		{4DA3CA57-3F17-4164-855E-E6E875382893}.Debug|Any CPU.ActiveCfg = Debug|Any CPU
		{4DA3CA57-3F17-4164-855E-E6E875382893}.Release|Any CPU.ActiveCfg = Release|Any CPU
	EndGlobalSection
	GlobalSection(SolutionProperties) = preSolution
		HideSolutionNode = FALSE
	EndGlobalSection
	GlobalSection(ExtensibilityGlobals) = postSolution
		SolutionGuid = {D40524F7-C4E5-44FA-9909-0CA0E5E0F707}
	EndGlobalSection
EndGlobal
